<?xml version="1.0" encoding="utf-8"?>
<Project ToolsVersion="4.0" xmlns="http://schemas.microsoft.com/developer/msbuild/2003">
  <ItemGroup>
    <Filter Include="Source Files">
      <UniqueIdentifier>{4FC737F1-C7A5-4376-A066-2A32D752A2FF}</UniqueIdentifier>
      <Extensions>cpp;c;cc;cxx;def;odl;idl;hpj;bat;asm;asmx</Extensions>
    </Filter>
    <Filter Include="Header Files">
      <UniqueIdentifier>{93995380-89BD-4b04-88EB-625FBE52EBFB}</UniqueIdentifier>
      <Extensions>h;hh;hpp;hxx;hm;inl;inc;xsd</Extensions>
    </Filter>
    <Filter Include="Resource Files">
      <UniqueIdentifier>{67DA6AB6-F800-4c08-8B7A-83BB121AAD01}</UniqueIdentifier>
      <Extensions>rc;ico;cur;bmp;dlg;rc2;rct;bin;rgs;gif;jpg;jpeg;jpe;resx;tiff;tif;png;wav;mfcribbon-ms</Extensions>
    </Filter>
    <Filter Include="Header Files\Entity">
      <UniqueIdentifier>{8078d268-41d1-4936-9a88-e79d7a312cb7}</UniqueIdentifier>
    </Filter>
    <Filter Include="Header Files\Collision">
      <UniqueIdentifier>{93a3d48b-e5a6-4dfc-8cff-a722f0ca1d1a}</UniqueIdentifier>
    </Filter>
    <Filter Include="Header Files\States">
      <UniqueIdentifier>{67ac0077-0bb6-4ce4-a0b5-8f6f2aca9f27}</UniqueIdentifier>
    </Filter>
    <Filter Include="Header Files\Command">
      <UniqueIdentifier>{2dfeda94-efb9-4dcc-908e-1d1f6851f1c0}</UniqueIdentifier>
    </Filter>
    <Filter Include="Header Files\Graphics">
      <UniqueIdentifier>{26426f85-2492-469a-9945-99b5ed3f6df6}</UniqueIdentifier>
    </Filter>
    <Filter Include="Header Files\Misc">
      <UniqueIdentifier>{470dbfea-b19e-45e9-9533-3d21126c190e}</UniqueIdentifier>
    </Filter>
    <Filter Include="Source Files\Entity">
      <UniqueIdentifier>{4a3fd184-0a21-43df-89d5-0981dab67d44}</UniqueIdentifier>
    </Filter>
    <Filter Include="Source Files\Collision">
      <UniqueIdentifier>{b5bba07d-ae4e-4642-8286-c493cd39eab6}</UniqueIdentifier>
    </Filter>
    <Filter Include="Source Files\Command">
      <UniqueIdentifier>{2b5285d1-8554-4105-b728-7dca4756ba28}</UniqueIdentifier>
    </Filter>
    <Filter Include="Source Files\Graphics">
      <UniqueIdentifier>{6de0a1fb-3c93-4121-b467-3baf94b2e8f1}</UniqueIdentifier>
    </Filter>
    <Filter Include="Source Files\Misc">
      <UniqueIdentifier>{86d976d6-e2f5-4ef5-a8e5-58ac1eff7825}</UniqueIdentifier>
    </Filter>
    <Filter Include="Source Files\States">
      <UniqueIdentifier>{b30899dd-9869-41e3-a069-74e557e1e5c2}</UniqueIdentifier>
    </Filter>
  </ItemGroup>
  <ItemGroup>
    <ClInclude Include="Files\Game.h">
      <Filter>Header Files</Filter>
    </ClInclude>
    <ClInclude Include="Files\InputHandler.h">
      <Filter>Header Files</Filter>
    </ClInclude>
    <ClInclude Include="Files\Physics.h">
      <Filter>Header Files</Filter>
    </ClInclude>
    <ClInclude Include="Files\Entity.h">
      <Filter>Header Files\Entity</Filter>
    </ClInclude>
    <ClInclude Include="Files\GameActor.h">
      <Filter>Header Files\Entity</Filter>
    </ClInclude>
    <ClInclude Include="Files\Player.h">
      <Filter>Header Files\Entity</Filter>
    </ClInclude>
    <ClInclude Include="Files\EnvironmentEntity.h">
      <Filter>Header Files\Entity</Filter>
    </ClInclude>
    <ClInclude Include="Files\Box.h">
      <Filter>Header Files\Collision</Filter>
    </ClInclude>
    <ClInclude Include="Files\Collision.h">
      <Filter>Header Files\Collision</Filter>
    </ClInclude>
    <ClInclude Include="Files\CollisionData.h">
      <Filter>Header Files\Collision</Filter>
    </ClInclude>
    <ClInclude Include="Files\JumpingState.h">
      <Filter>Header Files\States</Filter>
    </ClInclude>
    <ClInclude Include="Files\OnGroundState.h">
      <Filter>Header Files\States</Filter>
    </ClInclude>
    <ClInclude Include="Files\PlayerState.h">
      <Filter>Header Files\States</Filter>
    </ClInclude>
    <ClInclude Include="Files\FallingState.h">
      <Filter>Header Files\States</Filter>
    </ClInclude>
    <ClInclude Include="Files\MoveContextState.h">
      <Filter>Header Files\States</Filter>
    </ClInclude>
    <ClInclude Include="Files\Command.h">
      <Filter>Header Files\Command</Filter>
    </ClInclude>
    <ClInclude Include="Files\MoveCommand.h">
      <Filter>Header Files\Command</Filter>
    </ClInclude>
    <ClInclude Include="Files\PlayerConstants.h">
      <Filter>Header Files\Entity</Filter>
    </ClInclude>
    <ClInclude Include="Files\Sprite.h">
      <Filter>Header Files\Graphics</Filter>
    </ClInclude>
    <ClInclude Include="Files\Graphics.h">
      <Filter>Header Files\Graphics</Filter>
    </ClInclude>
    <ClInclude Include="Files\SDL_Deleter.h">
      <Filter>Header Files\Misc</Filter>
    </ClInclude>
    <ClInclude Include="resource.h">
      <Filter>Header Files\Misc</Filter>
    </ClInclude>
    <ClInclude Include="Files\Camera.h">
      <Filter>Header Files</Filter>
    </ClInclude>
    <ClInclude Include="Files\Scene.h">
      <Filter>Header Files</Filter>
    </ClInclude>
    <ClInclude Include="Files\GameConstants.h">
      <Filter>Header Files</Filter>
    </ClInclude>
  </ItemGroup>
  <ItemGroup>
    <ClCompile Include="Files\Game.cpp">
      <Filter>Source Files</Filter>
    </ClCompile>
    <ClCompile Include="Files\main.cpp">
      <Filter>Source Files</Filter>
    </ClCompile>
    <ClCompile Include="Files\InputHandler.cpp">
      <Filter>Source Files</Filter>
    </ClCompile>
    <ClCompile Include="Files\Physics.cpp">
      <Filter>Source Files</Filter>
    </ClCompile>
    <ClCompile Include="Files\Box.cpp">
      <Filter>Source Files\Collision</Filter>
    </ClCompile>
    <ClCompile Include="Files\Collision.cpp">
      <Filter>Source Files\Collision</Filter>
    </ClCompile>
    <ClCompile Include="Files\CollisionData.cpp">
      <Filter>Source Files\Collision</Filter>
    </ClCompile>
    <ClCompile Include="Files\Command.cpp">
      <Filter>Source Files\Command</Filter>
    </ClCompile>
    <ClCompile Include="Files\MoveCommand.cpp">
      <Filter>Source Files\Command</Filter>
    </ClCompile>
    <ClCompile Include="Files\Entity.cpp">
      <Filter>Source Files\Entity</Filter>
    </ClCompile>
    <ClCompile Include="Files\GameActor.cpp">
      <Filter>Source Files\Entity</Filter>
    </ClCompile>
    <ClCompile Include="Files\Player.cpp">
      <Filter>Source Files\Entity</Filter>
    </ClCompile>
    <ClCompile Include="Files\Graphics.cpp">
      <Filter>Source Files\Graphics</Filter>
    </ClCompile>
    <ClCompile Include="Files\Sprite.cpp">
      <Filter>Source Files\Graphics</Filter>
    </ClCompile>
    <ClCompile Include="Files\EnvironmentEntity.cpp">
      <Filter>Source Files\Entity</Filter>
    </ClCompile>
    <ClCompile Include="Files\PlayerState.cpp">
      <Filter>Source Files\States</Filter>
    </ClCompile>
    <ClCompile Include="Files\OnGroundState.cpp">
      <Filter>Source Files\States</Filter>
    </ClCompile>
    <ClCompile Include="Files\MoveContextState.cpp">
      <Filter>Source Files\States</Filter>
    </ClCompile>
    <ClCompile Include="Files\JumpingState.cpp">
      <Filter>Source Files\States</Filter>
    </ClCompile>
    <ClCompile Include="Files\FallingState.cpp">
      <Filter>Source Files\States</Filter>
    </ClCompile>
    <ClCompile Include="Files\Camera.cpp">
      <Filter>Source Files</Filter>
    </ClCompile>
    <ClCompile Include="Files\Scene.cpp">
      <Filter>Source Files</Filter>
    </ClCompile>
  </ItemGroup>
  <ItemGroup>
    <Image Include="Files\Background.png">
      <Filter>Resource Files</Filter>
    </Image>
    <Image Include="Files\Player.bmp">
      <Filter>Resource Files</Filter>
    </Image>
    <Image Include="Files\Platform.bmp">
      <Filter>Resource Files</Filter>
    </Image>
  </ItemGroup>
  <ItemGroup>
    <ResourceCompile Include="Juke.rc">
      <Filter>Resource Files</Filter>
    </ResourceCompile>
  </ItemGroup>
</Project>