<?xml version="1.0" encoding="utf-8"?>
<Project ToolsVersion="4.0" xmlns="http://schemas.microsoft.com/developer/msbuild/2003">
  <ItemGroup>
    <Filter Include="Source Files">
      <UniqueIdentifier>{4FC737F1-C7A5-4376-A066-2A32D752A2FF}</UniqueIdentifier>
      <Extensions>cpp;c;cc;cxx;def;odl;idl;hpj;bat;asm;asmx</Extensions>
    </Filter>
    <Filter Include="Header Files">
      <UniqueIdentifier>{93995380-89BD-4b04-88EB-625FBE52EBFB}</UniqueIdentifier>
      <Extensions>h;hh;hpp;hxx;hm;inl;inc;xsd</Extensions>
    </Filter>
    <Filter Include="Resource Files">
      <UniqueIdentifier>{67DA6AB6-F800-4c08-8B7A-83BB121AAD01}</UniqueIdentifier>
      <Extensions>rc;ico;cur;bmp;dlg;rc2;rct;bin;rgs;gif;jpg;jpeg;jpe;resx;tiff;tif;png;wav;mfcribbon-ms</Extensions>
    </Filter>
  </ItemGroup>
  <ItemGroup>
    <ClInclude Include="Files\Game.h">
      <Filter>Header Files</Filter>
    </ClInclude>
    <ClInclude Include="Files\Graphics.h">
      <Filter>Header Files</Filter>
    </ClInclude>
    <ClInclude Include="Files\Sprite.h">
      <Filter>Header Files</Filter>
    </ClInclude>
    <ClInclude Include="Files\Command.h">
      <Filter>Header Files</Filter>
    </ClInclude>
    <ClInclude Include="Files\Player.h">
      <Filter>Header Files</Filter>
    </ClInclude>
    <ClInclude Include="Files\SDL_Deleter.h">
      <Filter>Header Files</Filter>
    </ClInclude>
    <ClInclude Include="Files\PlayerState.h">
      <Filter>Header Files</Filter>
    </ClInclude>
    <ClInclude Include="Files\InputHandler.h">
      <Filter>Header Files</Filter>
    </ClInclude>
    <ClInclude Include="Files\GameActor.h">
      <Filter>Header Files</Filter>
    </ClInclude>
    <ClInclude Include="Files\MoveCommand.h">
      <Filter>Header Files</Filter>
    </ClInclude>
    <ClInclude Include="Files\Entity.h">
      <Filter>Header Files</Filter>
    </ClInclude>
    <ClInclude Include="Files\EnvironmentEntity.h">
      <Filter>Header Files</Filter>
    </ClInclude>
    <ClInclude Include="Files\Box.h">
      <Filter>Header Files</Filter>
    </ClInclude>
    <ClInclude Include="Files\Physics.h">
      <Filter>Header Files</Filter>
    </ClInclude>
    <ClInclude Include="Files\OnGroundState.h">
      <Filter>Header Files</Filter>
    </ClInclude>
    <ClInclude Include="Files\JumpingState.h">
      <Filter>Header Files</Filter>
    </ClInclude>
    <ClInclude Include="Files\FallingState.h">
      <Filter>Header Files</Filter>
    </ClInclude>
  </ItemGroup>
  <ItemGroup>
    <ClCompile Include="Files\Game.cpp">
      <Filter>Source Files</Filter>
    </ClCompile>
    <ClCompile Include="Files\Graphics.cpp">
      <Filter>Source Files</Filter>
    </ClCompile>
    <ClCompile Include="Files\main.cpp">
      <Filter>Source Files</Filter>
    </ClCompile>
    <ClCompile Include="Files\Sprite.cpp">
      <Filter>Source Files</Filter>
    </ClCompile>
    <ClCompile Include="Files\Command.cpp">
      <Filter>Source Files</Filter>
    </ClCompile>
    <ClCompile Include="Files\Player.cpp">
      <Filter>Source Files</Filter>
    </ClCompile>
    <ClCompile Include="Files\PlayerState.cpp">
      <Filter>Source Files</Filter>
    </ClCompile>
    <ClCompile Include="Files\InputHandler.cpp">
      <Filter>Source Files</Filter>
    </ClCompile>
    <ClCompile Include="Files\GameActor.cpp">
      <Filter>Source Files</Filter>
    </ClCompile>
    <ClCompile Include="Files\MoveCommand.cpp">
      <Filter>Source Files</Filter>
    </ClCompile>
    <ClCompile Include="Files\Entity.cpp">
      <Filter>Source Files</Filter>
    </ClCompile>
    <ClCompile Include="Files\EnvironmentEntity.cpp">
      <Filter>Source Files</Filter>
    </ClCompile>
    <ClCompile Include="Files\Box.cpp">
      <Filter>Source Files</Filter>
    </ClCompile>
    <ClCompile Include="Files\Physics.cpp">
      <Filter>Source Files</Filter>
    </ClCompile>
    <ClCompile Include="Files\OnGroundState.cpp">
      <Filter>Source Files</Filter>
    </ClCompile>
    <ClCompile Include="Files\JumpingState.cpp">
      <Filter>Source Files</Filter>
    </ClCompile>
    <ClCompile Include="Files\FallingState.cpp">
      <Filter>Source Files</Filter>
    </ClCompile>
  </ItemGroup>
  <ItemGroup>
    <Image Include="Files\Background.png">
      <Filter>Resource Files</Filter>
    </Image>
    <Image Include="Files\Player.bmp">
      <Filter>Resource Files</Filter>
    </Image>
    <Image Include="Files\Platform.bmp">
      <Filter>Resource Files</Filter>
    </Image>
  </ItemGroup>
</Project>